
Microsoft Visual Studio Solution File, Format Version 12.00
# Visual Studio Version 17
VisualStudioVersion = 17.13.35806.99 d17.13
MinimumVisualStudioVersion = 10.0.40219.1
Project("{FAE04EC0-301F-11D3-BF4B-00C04F79EFBC}") = "DoubleList", "DoubleList\DoubleList.csproj", "{37C31D23-971B-4FCC-ACD2-126C1D70D59D}"
EndProject
Project("{FAE04EC0-301F-11D3-BF4B-00C04F79EFBC}") = "DoubleList.UI.Consola", "DoubleList.UI.Consola\DoubleList.UI.Consola.csproj", "{717B70C5-755F-452E-B968-4C02DBF565D2}"
EndProject
Global
	GlobalSection(SolutionConfigurationPlatforms) = preSolution
		Debug|Any CPU = Debug|Any CPU
		Release|Any CPU = Release|Any CPU
	EndGlobalSection
	GlobalSection(ProjectConfigurationPlatforms) = postSolution
		{37C31D23-971B-4FCC-ACD2-126C1D70D59D}.Debug|Any CPU.ActiveCfg = Debug|Any CPU
		{37C31D23-971B-4FCC-ACD2-126C1D70D59D}.Debug|Any CPU.Build.0 = Debug|Any CPU
		{37C31D23-971B-4FCC-ACD2-126C1D70D59D}.Release|Any CPU.ActiveCfg = Release|Any CPU
		{37C31D23-971B-4FCC-ACD2-126C1D70D59D}.Release|Any CPU.Build.0 = Release|Any CPU
		{717B70C5-755F-452E-B968-4C02DBF565D2}.Debug|Any CPU.ActiveCfg = Debug|Any CPU
		{717B70C5-755F-452E-B968-4C02DBF565D2}.Debug|Any CPU.Build.0 = Debug|Any CPU
		{717B70C5-755F-452E-B968-4C02DBF565D2}.Release|Any CPU.ActiveCfg = Release|Any CPU
		{717B70C5-755F-452E-B968-4C02DBF565D2}.Release|Any CPU.Build.0 = Release|Any CPU
	EndGlobalSection
	GlobalSection(SolutionProperties) = preSolution
		HideSolutionNode = FALSE
	EndGlobalSection
	GlobalSection(ExtensibilityGlobals) = postSolution
		SolutionGuid = {F90107E8-1DC2-4D8B-957A-3914A3AC475A}
	EndGlobalSection
EndGlobal
